
Microsoft Visual Studio Solution File, Format Version 12.00
# Visual Studio Version 17
VisualStudioVersion = 17.11.35312.102
MinimumVisualStudioVersion = 10.0.40219.1
Project("{9A19103F-16F7-4668-BE54-9A1E7A4F7556}") = "AdenGarageWEB", "AdenGarageWEB\AdenGarageWEB.csproj", "{AA01DF43-16A4-46AE-86A1-83A2DF8CF0D7}"
EndProject
Project("{9A19103F-16F7-4668-BE54-9A1E7A4F7556}") = "Core", "Core\Core.csproj", "{2360BEE3-1117-4AEB-A002-87B042E3AE91}"
EndProject
Project("{9A19103F-16F7-4668-BE54-9A1E7A4F7556}") = "DataAccess", "DataAccess\DataAccess.csproj", "{9966D06A-9AD3-4BFB-830B-124169659AA0}"
EndProject
Global
	GlobalSection(SolutionConfigurationPlatforms) = preSolution
		Debug|Any CPU = Debug|Any CPU
		Release|Any CPU = Release|Any CPU
	EndGlobalSection
	GlobalSection(ProjectConfigurationPlatforms) = postSolution
		{AA01DF43-16A4-46AE-86A1-83A2DF8CF0D7}.Debug|Any CPU.ActiveCfg = Debug|Any CPU
		{AA01DF43-16A4-46AE-86A1-83A2DF8CF0D7}.Debug|Any CPU.Build.0 = Debug|Any CPU
		{AA01DF43-16A4-46AE-86A1-83A2DF8CF0D7}.Release|Any CPU.ActiveCfg = Release|Any CPU
		{AA01DF43-16A4-46AE-86A1-83A2DF8CF0D7}.Release|Any CPU.Build.0 = Release|Any CPU
		{2360BEE3-1117-4AEB-A002-87B042E3AE91}.Debug|Any CPU.ActiveCfg = Debug|Any CPU
		{2360BEE3-1117-4AEB-A002-87B042E3AE91}.Debug|Any CPU.Build.0 = Debug|Any CPU
		{2360BEE3-1117-4AEB-A002-87B042E3AE91}.Release|Any CPU.ActiveCfg = Release|Any CPU
		{2360BEE3-1117-4AEB-A002-87B042E3AE91}.Release|Any CPU.Build.0 = Release|Any CPU
		{9966D06A-9AD3-4BFB-830B-124169659AA0}.Debug|Any CPU.ActiveCfg = Debug|Any CPU
		{9966D06A-9AD3-4BFB-830B-124169659AA0}.Debug|Any CPU.Build.0 = Debug|Any CPU
		{9966D06A-9AD3-4BFB-830B-124169659AA0}.Release|Any CPU.ActiveCfg = Release|Any CPU
		{9966D06A-9AD3-4BFB-830B-124169659AA0}.Release|Any CPU.Build.0 = Release|Any CPU
	EndGlobalSection
	GlobalSection(SolutionProperties) = preSolution
		HideSolutionNode = FALSE
	EndGlobalSection
	GlobalSection(ExtensibilityGlobals) = postSolution
		SolutionGuid = {C61B410A-B56E-4A32-A513-26C0AC7726D3}
	EndGlobalSection
EndGlobal
